<Solution>
  <Project Path="YDrive.Android/YDrive.Android.csproj">
    <Deploy />
  </Project>
  <Project Path="YDrive.Browser/YDrive.Browser.csproj" />
  <Project Path="YDrive.Desktop/YDrive.Desktop.csproj" />
  <Project Path="YDrive.iOS/YDrive.iOS.csproj">
    <Deploy />
  </Project>
  <Project Path="YDrive/YDrive.csproj" />
</Solution>
